
Microsoft Visual Studio Solution File, Format Version 12.00
# Visual Studio Version 16
VisualStudioVersion = 16.0.31727.386
MinimumVisualStudioVersion = 10.0.40219.1
Project("{FAE04EC0-301F-11D3-BF4B-00C04F79EFBC}") = "PeerIslands.SQLQueryGenerator", "PeerIslands.SQLQueryGenerator\PeerIslands.SQLQueryGenerator.csproj", "{C21B86C3-721A-4669-B07E-6750D92E9A4E}"
EndProject
Project("{FAE04EC0-301F-11D3-BF4B-00C04F79EFBC}") = "PeerIslands.SQLQueryGenerator.Tests", "PeerIslands.SQLQueryGenerator.Tests\PeerIslands.SQLQueryGenerator.Tests.csproj", "{AEA9933C-0CA9-4B42-B274-496795877F5C}"
EndProject
Global
	GlobalSection(SolutionConfigurationPlatforms) = preSolution
		Debug|Any CPU = Debug|Any CPU
		Release|Any CPU = Release|Any CPU
	EndGlobalSection
	GlobalSection(ProjectConfigurationPlatforms) = postSolution
		{C21B86C3-721A-4669-B07E-6750D92E9A4E}.Debug|Any CPU.ActiveCfg = Debug|Any CPU
		{C21B86C3-721A-4669-B07E-6750D92E9A4E}.Debug|Any CPU.Build.0 = Debug|Any CPU
		{C21B86C3-721A-4669-B07E-6750D92E9A4E}.Release|Any CPU.ActiveCfg = Release|Any CPU
		{C21B86C3-721A-4669-B07E-6750D92E9A4E}.Release|Any CPU.Build.0 = Release|Any CPU
		{AEA9933C-0CA9-4B42-B274-496795877F5C}.Debug|Any CPU.ActiveCfg = Debug|Any CPU
		{AEA9933C-0CA9-4B42-B274-496795877F5C}.Debug|Any CPU.Build.0 = Debug|Any CPU
		{AEA9933C-0CA9-4B42-B274-496795877F5C}.Release|Any CPU.ActiveCfg = Release|Any CPU
		{AEA9933C-0CA9-4B42-B274-496795877F5C}.Release|Any CPU.Build.0 = Release|Any CPU
	EndGlobalSection
	GlobalSection(SolutionProperties) = preSolution
		HideSolutionNode = FALSE
	EndGlobalSection
	GlobalSection(ExtensibilityGlobals) = postSolution
		SolutionGuid = {0DCA8669-CE51-4910-B1E8-DC95F2E02E82}
	EndGlobalSection
EndGlobal
